Microsoft Visual Studio Solution File, Format Version 11.00
# Visual Studio 2010
Project("{FAE04EC0-301F-11D3-BF4B-00C04F79EFBC}") = "Evado.Integration.model", "Evado.Integration.model\Evado.Integration.model.csproj", "{97753FA6-9BC8-46DC-BDFC-CC82771A5646}"
EndProject
Project("{FAE04EC0-301F-11D3-BF4B-00C04F79EFBC}") = "Evado.Integration.Service", "Evado.Integration.Service\Evado.Integration.Service.csproj", "{DC8927CA-C117-400C-8C73-53BF0F1A4EED}"
EndProject
Project("{FAE04EC0-301F-11D3-BF4B-00C04F79EFBC}") = "Evado.Integration.Client", "Evado.Integration.Client\Evado.Integration.Client.csproj", "{2F5D7592-CB2A-4106-9949-0FB9110A100F}"
EndProject
Project("{FAE04EC0-301F-11D3-BF4B-00C04F79EFBC}") = "Evado.Digital.BLL", "Evado.Digital.BLL\Evado.Digital.BLL.csproj", "{AE805124-3D88-4AE5-A1E7-5A5A595A298E}"
EndProject
Project("{FAE04EC0-301F-11D3-BF4B-00C04F79EFBC}") = "Evado.Digital.DAL", "Evado.Digital.DAL\Evado.Digital.DAL.csproj", "{E474874D-B81D-4A38-B3AB-88EEA768649D}"
EndProject
Project("{FAE04EC0-301F-11D3-BF4B-00C04F79EFBC}") = "Evado.Digital.Model", "Evado.Digital.Model\Evado.Digital.Model.csproj", "{C85C0FC2-76E7-496C-AEA1-1F97FA573C93}"
EndProject
Project("{FAE04EC0-301F-11D3-BF4B-00C04F79EFBC}") = "evado.model", "C:\Users\Ross\Projects\Evado.Digital\evado.model\evado.model.csproj", "{93EA9387-1172-48EC-B26E-C4D48D827976}"
EndProject
Project("{FAE04EC0-301F-11D3-BF4B-00C04F79EFBC}") = "evado.model.uniform", "C:\Users\Ross\Projects\Evado.Digital\evado.model.uniform\evado.model.uniform.csproj", "{EB6A905C-2E28-4A70-B791-DC807165BCD7}"
EndProject
Project("{FAE04EC0-301F-11D3-BF4B-00C04F79EFBC}") = "Evado.Digital.Adapter", "Evado.Digital.Adapter\Evado.Digital.Adapter.csproj", "{35125365-B9A7-4A88-A50E-5D8B0C8CE9B9}"
EndProject
Project("{FAE04EC0-301F-11D3-BF4B-00C04F79EFBC}") = "Evado.Digital.WebService", "C:\Users\Ross\Projects\Evado.Digital\Evado.Digital.WebService\Evado.Digital.WebService.csproj", "{80726AF2-EF37-465D-B23C-0E944A0CA38F}"
EndProject
Project("{FAE04EC0-301F-11D3-BF4B-00C04F79EFBC}") = "Evado.ActiveDirectoryServices", "C:\Users\Ross\Projects\Evado.Digital\Evado.ActiveDirectoryServices\Evado.ActiveDirectoryServices.csproj", "{817E3F80-25D6-41BF-BD18-6F27967C7CE6}"
EndProject
Global
	GlobalSection(SolutionConfigurationPlatforms) = preSolution
		Debug|.NET = Debug|.NET
		Debug|Any CPU = Debug|Any CPU
		Debug|Mixed Platforms = Debug|Mixed Platforms
		Debug|x86 = Debug|x86
		Release|.NET = Release|.NET
		Release|Any CPU = Release|Any CPU
		Release|Mixed Platforms = Release|Mixed Platforms
		Release|x86 = Release|x86
	EndGlobalSection
	GlobalSection(ProjectConfigurationPlatforms) = postSolution
		{97753FA6-9BC8-46DC-BDFC-CC82771A5646}.Debug|.NET.ActiveCfg = Debug|Any CPU
		{97753FA6-9BC8-46DC-BDFC-CC82771A5646}.Debug|Any CPU.ActiveCfg = Debug|Any CPU
		{97753FA6-9BC8-46DC-BDFC-CC82771A5646}.Debug|Any CPU.Build.0 = Debug|Any CPU
		{97753FA6-9BC8-46DC-BDFC-CC82771A5646}.Debug|Mixed Platforms.ActiveCfg = Debug|Any CPU
		{97753FA6-9BC8-46DC-BDFC-CC82771A5646}.Debug|Mixed Platforms.Build.0 = Debug|Any CPU
		{97753FA6-9BC8-46DC-BDFC-CC82771A5646}.Debug|x86.ActiveCfg = Debug|x86
		{97753FA6-9BC8-46DC-BDFC-CC82771A5646}.Debug|x86.Build.0 = Debug|x86
		{97753FA6-9BC8-46DC-BDFC-CC82771A5646}.Release|.NET.ActiveCfg = Release|Any CPU
		{97753FA6-9BC8-46DC-BDFC-CC82771A5646}.Release|Any CPU.ActiveCfg = Release|Any CPU
		{97753FA6-9BC8-46DC-BDFC-CC82771A5646}.Release|Any CPU.Build.0 = Release|Any CPU
		{97753FA6-9BC8-46DC-BDFC-CC82771A5646}.Release|Mixed Platforms.ActiveCfg = Release|Any CPU
		{97753FA6-9BC8-46DC-BDFC-CC82771A5646}.Release|Mixed Platforms.Build.0 = Release|Any CPU
		{97753FA6-9BC8-46DC-BDFC-CC82771A5646}.Release|x86.ActiveCfg = Release|x86
		{97753FA6-9BC8-46DC-BDFC-CC82771A5646}.Release|x86.Build.0 = Release|x86
		{DC8927CA-C117-400C-8C73-53BF0F1A4EED}.Debug|.NET.ActiveCfg = Debug|Any CPU
		{DC8927CA-C117-400C-8C73-53BF0F1A4EED}.Debug|Any CPU.ActiveCfg = Debug|Any CPU
		{DC8927CA-C117-400C-8C73-53BF0F1A4EED}.Debug|Any CPU.Build.0 = Debug|Any CPU
		{DC8927CA-C117-400C-8C73-53BF0F1A4EED}.Debug|Mixed Platforms.ActiveCfg = Debug|Any CPU
		{DC8927CA-C117-400C-8C73-53BF0F1A4EED}.Debug|Mixed Platforms.Build.0 = Debug|Any CPU
		{DC8927CA-C117-400C-8C73-53BF0F1A4EED}.Debug|x86.ActiveCfg = Debug|Any CPU
		{DC8927CA-C117-400C-8C73-53BF0F1A4EED}.Release|.NET.ActiveCfg = Release|Any CPU
		{DC8927CA-C117-400C-8C73-53BF0F1A4EED}.Release|Any CPU.ActiveCfg = Release|Any CPU
		{DC8927CA-C117-400C-8C73-53BF0F1A4EED}.Release|Any CPU.Build.0 = Release|Any CPU
		{DC8927CA-C117-400C-8C73-53BF0F1A4EED}.Release|Mixed Platforms.ActiveCfg = Release|Any CPU
		{DC8927CA-C117-400C-8C73-53BF0F1A4EED}.Release|Mixed Platforms.Build.0 = Release|Any CPU
		{DC8927CA-C117-400C-8C73-53BF0F1A4EED}.Release|x86.ActiveCfg = Release|Any CPU
		{2F5D7592-CB2A-4106-9949-0FB9110A100F}.Debug|.NET.ActiveCfg = Debug|Any CPU
		{2F5D7592-CB2A-4106-9949-0FB9110A100F}.Debug|Any CPU.ActiveCfg = Debug|Any CPU
		{2F5D7592-CB2A-4106-9949-0FB9110A100F}.Debug|Any CPU.Build.0 = Debug|Any CPU
		{2F5D7592-CB2A-4106-9949-0FB9110A100F}.Debug|Mixed Platforms.ActiveCfg = Debug|Any CPU
		{2F5D7592-CB2A-4106-9949-0FB9110A100F}.Debug|Mixed Platforms.Build.0 = Debug|Any CPU
		{2F5D7592-CB2A-4106-9949-0FB9110A100F}.Debug|x86.ActiveCfg = Debug|Any CPU
		{2F5D7592-CB2A-4106-9949-0FB9110A100F}.Release|.NET.ActiveCfg = Release|Any CPU
		{2F5D7592-CB2A-4106-9949-0FB9110A100F}.Release|Any CPU.ActiveCfg = Release|Any CPU
		{2F5D7592-CB2A-4106-9949-0FB9110A100F}.Release|Any CPU.Build.0 = Release|Any CPU
		{2F5D7592-CB2A-4106-9949-0FB9110A100F}.Release|Mixed Platforms.ActiveCfg = Release|Any CPU
		{2F5D7592-CB2A-4106-9949-0FB9110A100F}.Release|Mixed Platforms.Build.0 = Release|Any CPU
		{2F5D7592-CB2A-4106-9949-0FB9110A100F}.Release|x86.ActiveCfg = Release|Any CPU
		{AE805124-3D88-4AE5-A1E7-5A5A595A298E}.Debug|.NET.ActiveCfg = Debug|Any CPU
		{AE805124-3D88-4AE5-A1E7-5A5A595A298E}.Debug|Any CPU.ActiveCfg = Debug|Any CPU
		{AE805124-3D88-4AE5-A1E7-5A5A595A298E}.Debug|Any CPU.Build.0 = Debug|Any CPU
		{AE805124-3D88-4AE5-A1E7-5A5A595A298E}.Debug|Mixed Platforms.ActiveCfg = Debug|Any CPU
		{AE805124-3D88-4AE5-A1E7-5A5A595A298E}.Debug|Mixed Platforms.Build.0 = Debug|Any CPU
		{AE805124-3D88-4AE5-A1E7-5A5A595A298E}.Debug|x86.ActiveCfg = Debug|x86
		{AE805124-3D88-4AE5-A1E7-5A5A595A298E}.Debug|x86.Build.0 = Debug|x86
		{AE805124-3D88-4AE5-A1E7-5A5A595A298E}.Release|.NET.ActiveCfg = Release|Any CPU
		{AE805124-3D88-4AE5-A1E7-5A5A595A298E}.Release|Any CPU.ActiveCfg = Release|Any CPU
		{AE805124-3D88-4AE5-A1E7-5A5A595A298E}.Release|Any CPU.Build.0 = Release|Any CPU
		{AE805124-3D88-4AE5-A1E7-5A5A595A298E}.Release|Mixed Platforms.ActiveCfg = Release|Any CPU
		{AE805124-3D88-4AE5-A1E7-5A5A595A298E}.Release|Mixed Platforms.Build.0 = Release|Any CPU
		{AE805124-3D88-4AE5-A1E7-5A5A595A298E}.Release|x86.ActiveCfg = Release|x86
		{AE805124-3D88-4AE5-A1E7-5A5A595A298E}.Release|x86.Build.0 = Release|x86
		{E474874D-B81D-4A38-B3AB-88EEA768649D}.Debug|.NET.ActiveCfg = Debug|Any CPU
		{E474874D-B81D-4A38-B3AB-88EEA768649D}.Debug|Any CPU.ActiveCfg = Debug|Any CPU
		{E474874D-B81D-4A38-B3AB-88EEA768649D}.Debug|Any CPU.Build.0 = Debug|Any CPU
		{E474874D-B81D-4A38-B3AB-88EEA768649D}.Debug|Mixed Platforms.ActiveCfg = Debug|Any CPU
		{E474874D-B81D-4A38-B3AB-88EEA768649D}.Debug|Mixed Platforms.Build.0 = Debug|Any CPU
		{E474874D-B81D-4A38-B3AB-88EEA768649D}.Debug|x86.ActiveCfg = Debug|x86
		{E474874D-B81D-4A38-B3AB-88EEA768649D}.Debug|x86.Build.0 = Debug|x86
		{E474874D-B81D-4A38-B3AB-88EEA768649D}.Release|.NET.ActiveCfg = Release|Any CPU
		{E474874D-B81D-4A38-B3AB-88EEA768649D}.Release|Any CPU.ActiveCfg = Release|Any CPU
		{E474874D-B81D-4A38-B3AB-88EEA768649D}.Release|Any CPU.Build.0 = Release|Any CPU
		{E474874D-B81D-4A38-B3AB-88EEA768649D}.Release|Mixed Platforms.ActiveCfg = Release|Any CPU
		{E474874D-B81D-4A38-B3AB-88EEA768649D}.Release|Mixed Platforms.Build.0 = Release|Any CPU
		{E474874D-B81D-4A38-B3AB-88EEA768649D}.Release|x86.ActiveCfg = Release|x86
		{E474874D-B81D-4A38-B3AB-88EEA768649D}.Release|x86.Build.0 = Release|x86
		{C85C0FC2-76E7-496C-AEA1-1F97FA573C93}.Debug|.NET.ActiveCfg = Debug|x86
		{C85C0FC2-76E7-496C-AEA1-1F97FA573C93}.Debug|Any CPU.ActiveCfg = Debug|Any CPU
		{C85C0FC2-76E7-496C-AEA1-1F97FA573C93}.Debug|Any CPU.Build.0 = Debug|Any CPU
		{C85C0FC2-76E7-496C-AEA1-1F97FA573C93}.Debug|Mixed Platforms.ActiveCfg = Debug|x86
		{C85C0FC2-76E7-496C-AEA1-1F97FA573C93}.Debug|Mixed Platforms.Build.0 = Debug|x86
		{C85C0FC2-76E7-496C-AEA1-1F97FA573C93}.Debug|x86.ActiveCfg = Debug|x86
		{C85C0FC2-76E7-496C-AEA1-1F97FA573C93}.Debug|x86.Build.0 = Debug|x86
		{C85C0FC2-76E7-496C-AEA1-1F97FA573C93}.Release|.NET.ActiveCfg = Release|x86
		{C85C0FC2-76E7-496C-AEA1-1F97FA573C93}.Release|Any CPU.ActiveCfg = Release|Any CPU
		{C85C0FC2-76E7-496C-AEA1-1F97FA573C93}.Release|Any CPU.Build.0 = Release|Any CPU
		{C85C0FC2-76E7-496C-AEA1-1F97FA573C93}.Release|Mixed Platforms.ActiveCfg = Release|x86
		{C85C0FC2-76E7-496C-AEA1-1F97FA573C93}.Release|Mixed Platforms.Build.0 = Release|x86
		{C85C0FC2-76E7-496C-AEA1-1F97FA573C93}.Release|x86.ActiveCfg = Release|x86
		{C85C0FC2-76E7-496C-AEA1-1F97FA573C93}.Release|x86.Build.0 = Release|x86
		{93EA9387-1172-48EC-B26E-C4D48D827976}.Debug|.NET.ActiveCfg = Debug|Any CPU
		{93EA9387-1172-48EC-B26E-C4D48D827976}.Debug|Any CPU.ActiveCfg = Debug|Any CPU
		{93EA9387-1172-48EC-B26E-C4D48D827976}.Debug|Any CPU.Build.0 = Debug|Any CPU
		{93EA9387-1172-48EC-B26E-C4D48D827976}.Debug|Mixed Platforms.ActiveCfg = Debug|Any CPU
		{93EA9387-1172-48EC-B26E-C4D48D827976}.Debug|Mixed Platforms.Build.0 = Debug|Any CPU
		{93EA9387-1172-48EC-B26E-C4D48D827976}.Debug|x86.ActiveCfg = Debug|Any CPU
		{93EA9387-1172-48EC-B26E-C4D48D827976}.Release|.NET.ActiveCfg = Release|Any CPU
		{93EA9387-1172-48EC-B26E-C4D48D827976}.Release|Any CPU.ActiveCfg = Release|Any CPU
		{93EA9387-1172-48EC-B26E-C4D48D827976}.Release|Any CPU.Build.0 = Release|Any CPU
		{93EA9387-1172-48EC-B26E-C4D48D827976}.Release|Mixed Platforms.ActiveCfg = Release|Any CPU
		{93EA9387-1172-48EC-B26E-C4D48D827976}.Release|Mixed Platforms.Build.0 = Release|Any CPU
		{93EA9387-1172-48EC-B26E-C4D48D827976}.Release|x86.ActiveCfg = Release|Any CPU
		{EB6A905C-2E28-4A70-B791-DC807165BCD7}.Debug|.NET.ActiveCfg = Debug|Any CPU
		{EB6A905C-2E28-4A70-B791-DC807165BCD7}.Debug|Any CPU.ActiveCfg = Debug|Any CPU
		{EB6A905C-2E28-4A70-B791-DC807165BCD7}.Debug|Any CPU.Build.0 = Debug|Any CPU
		{EB6A905C-2E28-4A70-B791-DC807165BCD7}.Debug|Mixed Platforms.ActiveCfg = Debug|Any CPU
		{EB6A905C-2E28-4A70-B791-DC807165BCD7}.Debug|Mixed Platforms.Build.0 = Debug|Any CPU
		{EB6A905C-2E28-4A70-B791-DC807165BCD7}.Debug|x86.ActiveCfg = Debug|Any CPU
		{EB6A905C-2E28-4A70-B791-DC807165BCD7}.Release|.NET.ActiveCfg = Release|Any CPU
		{EB6A905C-2E28-4A70-B791-DC807165BCD7}.Release|Any CPU.ActiveCfg = Release|Any CPU
		{EB6A905C-2E28-4A70-B791-DC807165BCD7}.Release|Any CPU.Build.0 = Release|Any CPU
		{EB6A905C-2E28-4A70-B791-DC807165BCD7}.Release|Mixed Platforms.ActiveCfg = Release|Any CPU
		{EB6A905C-2E28-4A70-B791-DC807165BCD7}.Release|Mixed Platforms.Build.0 = Release|Any CPU
		{EB6A905C-2E28-4A70-B791-DC807165BCD7}.Release|x86.ActiveCfg = Release|Any CPU
		{35125365-B9A7-4A88-A50E-5D8B0C8CE9B9}.Debug|.NET.ActiveCfg = Debug|Any CPU
		{35125365-B9A7-4A88-A50E-5D8B0C8CE9B9}.Debug|Any CPU.ActiveCfg = Debug|Any CPU
		{35125365-B9A7-4A88-A50E-5D8B0C8CE9B9}.Debug|Any CPU.Build.0 = Debug|Any CPU
		{35125365-B9A7-4A88-A50E-5D8B0C8CE9B9}.Debug|Mixed Platforms.ActiveCfg = Debug|Any CPU
		{35125365-B9A7-4A88-A50E-5D8B0C8CE9B9}.Debug|Mixed Platforms.Build.0 = Debug|Any CPU
		{35125365-B9A7-4A88-A50E-5D8B0C8CE9B9}.Debug|x86.ActiveCfg = Debug|Any CPU
		{35125365-B9A7-4A88-A50E-5D8B0C8CE9B9}.Release|.NET.ActiveCfg = Release|Any CPU
		{35125365-B9A7-4A88-A50E-5D8B0C8CE9B9}.Release|Any CPU.ActiveCfg = Release|Any CPU
		{35125365-B9A7-4A88-A50E-5D8B0C8CE9B9}.Release|Any CPU.Build.0 = Release|Any CPU
		{35125365-B9A7-4A88-A50E-5D8B0C8CE9B9}.Release|Mixed Platforms.ActiveCfg = Release|Any CPU
		{35125365-B9A7-4A88-A50E-5D8B0C8CE9B9}.Release|Mixed Platforms.Build.0 = Release|Any CPU
		{35125365-B9A7-4A88-A50E-5D8B0C8CE9B9}.Release|x86.ActiveCfg = Release|Any CPU
		{80726AF2-EF37-465D-B23C-0E944A0CA38F}.Debug|.NET.ActiveCfg = Debug|Any CPU
		{80726AF2-EF37-465D-B23C-0E944A0CA38F}.Debug|Any CPU.ActiveCfg = Debug|Any CPU
		{80726AF2-EF37-465D-B23C-0E944A0CA38F}.Debug|Any CPU.Build.0 = Debug|Any CPU
		{80726AF2-EF37-465D-B23C-0E944A0CA38F}.Debug|Mixed Platforms.ActiveCfg = Debug|Any CPU
		{80726AF2-EF37-465D-B23C-0E944A0CA38F}.Debug|Mixed Platforms.Build.0 = Debug|Any CPU
		{80726AF2-EF37-465D-B23C-0E944A0CA38F}.Debug|x86.ActiveCfg = Debug|Any CPU
		{80726AF2-EF37-465D-B23C-0E944A0CA38F}.Release|.NET.ActiveCfg = Release|Any CPU
		{80726AF2-EF37-465D-B23C-0E944A0CA38F}.Release|Any CPU.ActiveCfg = Release|Any CPU
		{80726AF2-EF37-465D-B23C-0E944A0CA38F}.Release|Any CPU.Build.0 = Release|Any CPU
		{80726AF2-EF37-465D-B23C-0E944A0CA38F}.Release|Mixed Platforms.ActiveCfg = Release|Any CPU
		{80726AF2-EF37-465D-B23C-0E944A0CA38F}.Release|Mixed Platforms.Build.0 = Release|Any CPU
		{80726AF2-EF37-465D-B23C-0E944A0CA38F}.Release|x86.ActiveCfg = Release|Any CPU
		{817E3F80-25D6-41BF-BD18-6F27967C7CE6}.Debug|.NET.ActiveCfg = Debug|Any CPU
		{817E3F80-25D6-41BF-BD18-6F27967C7CE6}.Debug|Any CPU.ActiveCfg = Debug|Any CPU
		{817E3F80-25D6-41BF-BD18-6F27967C7CE6}.Debug|Any CPU.Build.0 = Debug|Any CPU
		{817E3F80-25D6-41BF-BD18-6F27967C7CE6}.Debug|Mixed Platforms.ActiveCfg = Debug|Any CPU
		{817E3F80-25D6-41BF-BD18-6F27967C7CE6}.Debug|Mixed Platforms.Build.0 = Debug|Any CPU
		{817E3F80-25D6-41BF-BD18-6F27967C7CE6}.Debug|x86.ActiveCfg = Debug|Any CPU
		{817E3F80-25D6-41BF-BD18-6F27967C7CE6}.Release|.NET.ActiveCfg = Release|Any CPU
		{817E3F80-25D6-41BF-BD18-6F27967C7CE6}.Release|Any CPU.ActiveCfg = Release|Any CPU
		{817E3F80-25D6-41BF-BD18-6F27967C7CE6}.Release|Any CPU.Build.0 = Release|Any CPU
		{817E3F80-25D6-41BF-BD18-6F27967C7CE6}.Release|Mixed Platforms.ActiveCfg = Release|Any CPU
		{817E3F80-25D6-41BF-BD18-6F27967C7CE6}.Release|Mixed Platforms.Build.0 = Release|Any CPU
		{817E3F80-25D6-41BF-BD18-6F27967C7CE6}.Release|x86.ActiveCfg = Release|Any CPU
	EndGlobalSection
	GlobalSection(SolutionProperties) = preSolution
		HideSolutionNode = FALSE
	EndGlobalSection
EndGlobal
